
Microsoft Visual Studio Solution File, Format Version 12.00
# Visual Studio 14
VisualStudioVersion = 14.0.24720.0
MinimumVisualStudioVersion = 10.0.40219.1
Project("{FAE04EC0-301F-11D3-BF4B-00C04F79EFBC}") = "HandIn_Multithreading_Server2", "HandIn_Multithreading_Server2\HandIn_Multithreading_Server2.csproj", "{FC46C13D-57EA-4942-BB95-401A947294BC}"
EndProject
Global
	GlobalSection(SolutionConfigurationPlatforms) = preSolution
		Debug|Any CPU = Debug|Any CPU
		Release|Any CPU = Release|Any CPU
	EndGlobalSection
	GlobalSection(ProjectConfigurationPlatforms) = postSolution
		{FC46C13D-57EA-4942-BB95-401A947294BC}.Debug|Any CPU.ActiveCfg = Debug|Any CPU
		{FC46C13D-57EA-4942-BB95-401A947294BC}.Debug|Any CPU.Build.0 = Debug|Any CPU
		{FC46C13D-57EA-4942-BB95-401A947294BC}.Release|Any CPU.ActiveCfg = Release|Any CPU
		{FC46C13D-57EA-4942-BB95-401A947294BC}.Release|Any CPU.Build.0 = Release|Any CPU
	EndGlobalSection
	GlobalSection(SolutionProperties) = preSolution
		HideSolutionNode = FALSE
	EndGlobalSection
EndGlobal
